
Microsoft Visual Studio Solution File, Format Version 12.00
# Visual Studio Version 17
VisualStudioVersion = 17.14.36511.14
MinimumVisualStudioVersion = 10.0.40219.1
Project("{2150E333-8FDC-42A3-9474-1A3956D46DE8}") = "Task0", "Task0", "{CDD8EC36-6557-460D-B6BA-642F49C403B4}"
EndProject
Project("{FAE04EC0-301F-11D3-BF4B-00C04F79EFBC}") = "Tyuiu.ZjatkovDV.Sprint1.Task0.V13", "Tyuiu.ZjatkovDV.Sprint1.Task0.V13\Tyuiu.ZjatkovDV.Sprint1.Task0.V13.csproj", "{19FCCADA-7709-47A3-B89D-B794C5FB6C3D}"
EndProject
Project("{FAE04EC0-301F-11D3-BF4B-00C04F79EFBC}") = "Tyuiu.ZjatkovDV.Sprint1.Task0.V13.Lib", "Tyuiu.ZjatkovDV.Sprint1.Task0.V13.Lib\Tyuiu.ZjatkovDV.Sprint1.Task0.V13.Lib.csproj", "{4FEA6A65-82FD-4775-A2A5-A99267532CA5}"
EndProject
Project("{FAE04EC0-301F-11D3-BF4B-00C04F79EFBC}") = "Tyuiu.ZjatkovDV.Sprint1.Task0.V13.Test", "Tyuiu.ZjatkovDV.Sprint1.Task0.V13.Test\Tyuiu.ZjatkovDV.Sprint1.Task0.V13.Test.csproj", "{2547E6AD-A344-415D-88C7-A9CB810505F2}"
EndProject
Project("{2150E333-8FDC-42A3-9474-1A3956D46DE8}") = "Task1", "Task1", "{36D591C7-65C7-A0D1-1CBC-10CDE441BDC8}"
EndProject
Project("{FAE04EC0-301F-11D3-BF4B-00C04F79EFBC}") = "Tyuiu.ZjatkovDV.Sprint1.Task1.V10", "Tyuiu.ZjatkovDV.Sprint1.Task1.V10\Tyuiu.ZjatkovDV.Sprint1.Task1.V10.csproj", "{48FAA626-28F4-472A-8DDF-4E79E4C05A1C}"
EndProject
Project("{FAE04EC0-301F-11D3-BF4B-00C04F79EFBC}") = "Tyuiu.ZjatkovDV.Sprint1.Task1.V10.Lib", "Tyuiu.ZjatkovDV.Sprint1.Task1.V10.Lib\Tyuiu.ZjatkovDV.Sprint1.Task1.V10.Lib.csproj", "{460074CD-6A4D-46F0-A43A-1D989314A7D7}"
EndProject
Project("{FAE04EC0-301F-11D3-BF4B-00C04F79EFBC}") = "Tyuiu.ZjatkovDV.Sprint1.Task1.V10.Test", "Tyuiu.ZjatkovDV.Sprint1.Task1.V10.Test\Tyuiu.ZjatkovDV.Sprint1.Task1.V10.Test.csproj", "{9BDC5EC3-C8E2-4F81-8C65-773DE15CFAFD}"
EndProject
Project("{2150E333-8FDC-42A3-9474-1A3956D46DE8}") = "Task2", "Task2", "{B3894A98-75BA-4211-8625-7548877B65BB}"
EndProject
Project("{FAE04EC0-301F-11D3-BF4B-00C04F79EFBC}") = "Tyuiu.ZjatkovDV.Sprint1.Task2.V8", "Tyuiu.ZjatkovDV.Sprint1.Task2.V8\Tyuiu.ZjatkovDV.Sprint1.Task2.V8.csproj", "{03EAA8BA-85CB-4D03-AB42-36903EB68137}"
EndProject
Project("{FAE04EC0-301F-11D3-BF4B-00C04F79EFBC}") = "Tyuiu.ZjatkovDV.Sprint1.Task2.V8.Lib", "Tyuiu.ZjatkovDV.Sprint1.Task2.V8.Lib\Tyuiu.ZjatkovDV.Sprint1.Task2.V8.Lib.csproj", "{A9742668-B301-4F8B-8230-37296F4F3D79}"
EndProject
Project("{FAE04EC0-301F-11D3-BF4B-00C04F79EFBC}") = "Tyuiu.ZjatkovDV.Sprint1.Task2.V8.Test", "Tyuiu.ZjatkovDV.Sprint1.Task2.V8.Test\Tyuiu.ZjatkovDV.Sprint1.Task2.V8.Test.csproj", "{5FED3C57-718D-449A-B833-D99037B11C67}"
EndProject
Global
	GlobalSection(SolutionConfigurationPlatforms) = preSolution
		Debug|Any CPU = Debug|Any CPU
		Release|Any CPU = Release|Any CPU
	EndGlobalSection
	GlobalSection(ProjectConfigurationPlatforms) = postSolution
		{19FCCADA-7709-47A3-B89D-B794C5FB6C3D}.Debug|Any CPU.ActiveCfg = Debug|Any CPU
		{19FCCADA-7709-47A3-B89D-B794C5FB6C3D}.Debug|Any CPU.Build.0 = Debug|Any CPU
		{19FCCADA-7709-47A3-B89D-B794C5FB6C3D}.Release|Any CPU.ActiveCfg = Release|Any CPU
		{19FCCADA-7709-47A3-B89D-B794C5FB6C3D}.Release|Any CPU.Build.0 = Release|Any CPU
		{4FEA6A65-82FD-4775-A2A5-A99267532CA5}.Debug|Any CPU.ActiveCfg = Debug|Any CPU
		{4FEA6A65-82FD-4775-A2A5-A99267532CA5}.Debug|Any CPU.Build.0 = Debug|Any CPU
		{4FEA6A65-82FD-4775-A2A5-A99267532CA5}.Release|Any CPU.ActiveCfg = Release|Any CPU
		{4FEA6A65-82FD-4775-A2A5-A99267532CA5}.Release|Any CPU.Build.0 = Release|Any CPU
		{2547E6AD-A344-415D-88C7-A9CB810505F2}.Debug|Any CPU.ActiveCfg = Debug|Any CPU
		{2547E6AD-A344-415D-88C7-A9CB810505F2}.Debug|Any CPU.Build.0 = Debug|Any CPU
		{2547E6AD-A344-415D-88C7-A9CB810505F2}.Release|Any CPU.ActiveCfg = Release|Any CPU
		{2547E6AD-A344-415D-88C7-A9CB810505F2}.Release|Any CPU.Build.0 = Release|Any CPU
		{48FAA626-28F4-472A-8DDF-4E79E4C05A1C}.Debug|Any CPU.ActiveCfg = Debug|Any CPU
		{48FAA626-28F4-472A-8DDF-4E79E4C05A1C}.Debug|Any CPU.Build.0 = Debug|Any CPU
		{48FAA626-28F4-472A-8DDF-4E79E4C05A1C}.Release|Any CPU.ActiveCfg = Release|Any CPU
		{48FAA626-28F4-472A-8DDF-4E79E4C05A1C}.Release|Any CPU.Build.0 = Release|Any CPU
		{460074CD-6A4D-46F0-A43A-1D989314A7D7}.Debug|Any CPU.ActiveCfg = Debug|Any CPU
		{460074CD-6A4D-46F0-A43A-1D989314A7D7}.Debug|Any CPU.Build.0 = Debug|Any CPU
		{460074CD-6A4D-46F0-A43A-1D989314A7D7}.Release|Any CPU.ActiveCfg = Release|Any CPU
		{460074CD-6A4D-46F0-A43A-1D989314A7D7}.Release|Any CPU.Build.0 = Release|Any CPU
		{9BDC5EC3-C8E2-4F81-8C65-773DE15CFAFD}.Debug|Any CPU.ActiveCfg = Debug|Any CPU
		{9BDC5EC3-C8E2-4F81-8C65-773DE15CFAFD}.Debug|Any CPU.Build.0 = Debug|Any CPU
		{9BDC5EC3-C8E2-4F81-8C65-773DE15CFAFD}.Release|Any CPU.ActiveCfg = Release|Any CPU
		{9BDC5EC3-C8E2-4F81-8C65-773DE15CFAFD}.Release|Any CPU.Build.0 = Release|Any CPU
		{03EAA8BA-85CB-4D03-AB42-36903EB68137}.Debug|Any CPU.ActiveCfg = Debug|Any CPU
		{03EAA8BA-85CB-4D03-AB42-36903EB68137}.Debug|Any CPU.Build.0 = Debug|Any CPU
		{03EAA8BA-85CB-4D03-AB42-36903EB68137}.Release|Any CPU.ActiveCfg = Release|Any CPU
		{03EAA8BA-85CB-4D03-AB42-36903EB68137}.Release|Any CPU.Build.0 = Release|Any CPU
		{A9742668-B301-4F8B-8230-37296F4F3D79}.Debug|Any CPU.ActiveCfg = Debug|Any CPU
		{A9742668-B301-4F8B-8230-37296F4F3D79}.Debug|Any CPU.Build.0 = Debug|Any CPU
		{A9742668-B301-4F8B-8230-37296F4F3D79}.Release|Any CPU.ActiveCfg = Release|Any CPU
		{A9742668-B301-4F8B-8230-37296F4F3D79}.Release|Any CPU.Build.0 = Release|Any CPU
		{5FED3C57-718D-449A-B833-D99037B11C67}.Debug|Any CPU.ActiveCfg = Debug|Any CPU
		{5FED3C57-718D-449A-B833-D99037B11C67}.Debug|Any CPU.Build.0 = Debug|Any CPU
		{5FED3C57-718D-449A-B833-D99037B11C67}.Release|Any CPU.ActiveCfg = Release|Any CPU
		{5FED3C57-718D-449A-B833-D99037B11C67}.Release|Any CPU.Build.0 = Release|Any CPU
	EndGlobalSection
	GlobalSection(SolutionProperties) = preSolution
		HideSolutionNode = FALSE
	EndGlobalSection
	GlobalSection(NestedProjects) = preSolution
		{19FCCADA-7709-47A3-B89D-B794C5FB6C3D} = {CDD8EC36-6557-460D-B6BA-642F49C403B4}
		{4FEA6A65-82FD-4775-A2A5-A99267532CA5} = {CDD8EC36-6557-460D-B6BA-642F49C403B4}
		{2547E6AD-A344-415D-88C7-A9CB810505F2} = {CDD8EC36-6557-460D-B6BA-642F49C403B4}
		{48FAA626-28F4-472A-8DDF-4E79E4C05A1C} = {36D591C7-65C7-A0D1-1CBC-10CDE441BDC8}
		{460074CD-6A4D-46F0-A43A-1D989314A7D7} = {36D591C7-65C7-A0D1-1CBC-10CDE441BDC8}
		{9BDC5EC3-C8E2-4F81-8C65-773DE15CFAFD} = {36D591C7-65C7-A0D1-1CBC-10CDE441BDC8}
		{03EAA8BA-85CB-4D03-AB42-36903EB68137} = {B3894A98-75BA-4211-8625-7548877B65BB}
		{A9742668-B301-4F8B-8230-37296F4F3D79} = {B3894A98-75BA-4211-8625-7548877B65BB}
		{5FED3C57-718D-449A-B833-D99037B11C67} = {B3894A98-75BA-4211-8625-7548877B65BB}
	EndGlobalSection
	GlobalSection(ExtensibilityGlobals) = postSolution
		SolutionGuid = {E08732BA-94FD-4E9B-AC4F-EB9261051765}
	EndGlobalSection
EndGlobal
