
Microsoft Visual Studio Solution File, Format Version 12.00
# Visual Studio Version 17
VisualStudioVersion = 17.14.36511.14
MinimumVisualStudioVersion = 10.0.40219.1
Project("{2150E333-8FDC-42A3-9474-1A3956D46DE8}") = "Task0", "Task0", "{CDD8EC36-6557-460D-B6BA-642F49C403B4}"
EndProject
Project("{FAE04EC0-301F-11D3-BF4B-00C04F79EFBC}") = "Tyuiu.ZjatkovDV.Sprint1.Task0.V13", "Tyuiu.ZjatkovDV.Sprint1.Task0.V13\Tyuiu.ZjatkovDV.Sprint1.Task0.V13.csproj", "{19FCCADA-7709-47A3-B89D-B794C5FB6C3D}"
EndProject
Project("{FAE04EC0-301F-11D3-BF4B-00C04F79EFBC}") = "Tyuiu.ZjatkovDV.Sprint1.Task0.V13.Lib", "Tyuiu.ZjatkovDV.Sprint1.Task0.V13.Lib\Tyuiu.ZjatkovDV.Sprint1.Task0.V13.Lib.csproj", "{4FEA6A65-82FD-4775-A2A5-A99267532CA5}"
EndProject
Project("{FAE04EC0-301F-11D3-BF4B-00C04F79EFBC}") = "Tyuiu.ZjatkovDV.Sprint1.Task0.V13.Test", "Tyuiu.ZjatkovDV.Sprint1.Task0.V13.Test\Tyuiu.ZjatkovDV.Sprint1.Task0.V13.Test.csproj", "{2547E6AD-A344-415D-88C7-A9CB810505F2}"
EndProject
Project("{2150E333-8FDC-42A3-9474-1A3956D46DE8}") = "Task1", "Task1", "{36D591C7-65C7-A0D1-1CBC-10CDE441BDC8}"
EndProject
Project("{FAE04EC0-301F-11D3-BF4B-00C04F79EFBC}") = "Tyuiu.ZjatkovDV.Sprint1.Task1.V10", "Tyuiu.ZjatkovDV.Sprint1.Task1.V10\Tyuiu.ZjatkovDV.Sprint1.Task1.V10.csproj", "{48FAA626-28F4-472A-8DDF-4E79E4C05A1C}"
EndProject
Project("{FAE04EC0-301F-11D3-BF4B-00C04F79EFBC}") = "Tyuiu.ZjatkovDV.Sprint1.Task1.V10.Lib", "Tyuiu.ZjatkovDV.Sprint1.Task1.V10.Lib\Tyuiu.ZjatkovDV.Sprint1.Task1.V10.Lib.csproj", "{460074CD-6A4D-46F0-A43A-1D989314A7D7}"
EndProject
Project("{FAE04EC0-301F-11D3-BF4B-00C04F79EFBC}") = "Tyuiu.ZjatkovDV.Sprint1.Task1.V10.Test", "Tyuiu.ZjatkovDV.Sprint1.Task1.V10.Test\Tyuiu.ZjatkovDV.Sprint1.Task1.V10.Test.csproj", "{9BDC5EC3-C8E2-4F81-8C65-773DE15CFAFD}"
EndProject
Project("{2150E333-8FDC-42A3-9474-1A3956D46DE8}") = "Task2", "Task2", "{B3894A98-75BA-4211-8625-7548877B65BB}"
EndProject
Project("{FAE04EC0-301F-11D3-BF4B-00C04F79EFBC}") = "Tyuiu.ZjatkovDV.Sprint1.Task2.V8", "Tyuiu.ZjatkovDV.Sprint1.Task2.V8\Tyuiu.ZjatkovDV.Sprint1.Task2.V8.csproj", "{03EAA8BA-85CB-4D03-AB42-36903EB68137}"
EndProject
Project("{FAE04EC0-301F-11D3-BF4B-00C04F79EFBC}") = "Tyuiu.ZjatkovDV.Sprint1.Task2.V8.Lib", "Tyuiu.ZjatkovDV.Sprint1.Task2.V8.Lib\Tyuiu.ZjatkovDV.Sprint1.Task2.V8.Lib.csproj", "{A9742668-B301-4F8B-8230-37296F4F3D79}"
EndProject
Project("{FAE04EC0-301F-11D3-BF4B-00C04F79EFBC}") = "Tyuiu.ZjatkovDV.Sprint1.Task2.V8.Test", "Tyuiu.ZjatkovDV.Sprint1.Task2.V8.Test\Tyuiu.ZjatkovDV.Sprint1.Task2.V8.Test.csproj", "{5FED3C57-718D-449A-B833-D99037B11C67}"
EndProject
Project("{2150E333-8FDC-42A3-9474-1A3956D46DE8}") = "Task3", "Task3", "{562BD470-1CBD-4EB0-ACB3-8B2B993D69C4}"
EndProject
Project("{FAE04EC0-301F-11D3-BF4B-00C04F79EFBC}") = "Tyuiu.ZjatkovDV.Sprint1.Task3.V8", "Tyuiu.ZjatkovDV.Sprint1.Task3.V8\Tyuiu.ZjatkovDV.Sprint1.Task3.V8.csproj", "{6A9A140C-1D7E-4B09-B4C1-C5C9AA0191E1}"
EndProject
Project("{FAE04EC0-301F-11D3-BF4B-00C04F79EFBC}") = "Tyuiu.ZjatkovDV.Sprint1.Task3.V8.Lib", "Tyuiu.ZjatkovDV.Sprint1.Task3.V8.Lib\Tyuiu.ZjatkovDV.Sprint1.Task3.V8.Lib.csproj", "{4CE183FB-A7C5-4915-9FD4-D112B8935E0A}"
EndProject
Project("{FAE04EC0-301F-11D3-BF4B-00C04F79EFBC}") = "Tyuiu.ZjatkovDV.Sprint1.Task3.V8.Test", "Tyuiu.ZjatkovDV.Sprint1.Task3.V8.Test\Tyuiu.ZjatkovDV.Sprint1.Task3.V8.Test.csproj", "{5C1583AA-F274-41E9-A68C-79538F6466AF}"
EndProject
Project("{2150E333-8FDC-42A3-9474-1A3956D46DE8}") = "Task4", "Task4", "{53A40DF4-CDEB-4722-86EF-B1EBB889211C}"
EndProject
Project("{FAE04EC0-301F-11D3-BF4B-00C04F79EFBC}") = "Tyuiu.ZjatkovDV.Sprint1.Task4.V27", "Tyuiu.ZjatkovDV.Sprint1.Task4.V27\Tyuiu.ZjatkovDV.Sprint1.Task4.V27.csproj", "{D7477BD0-A9B7-4561-B833-5888B4D5C3C6}"
EndProject
Project("{FAE04EC0-301F-11D3-BF4B-00C04F79EFBC}") = "Tyuiu.ZjatkovDV.Sprint1.Task4.V27.Lib", "Tyuiu.ZjatkovDV.Sprint1.Task4.V27.Lib\Tyuiu.ZjatkovDV.Sprint1.Task4.V27.Lib.csproj", "{FA2B1B74-6822-4E91-9D19-FC7CAB11F2F3}"
EndProject
Project("{FAE04EC0-301F-11D3-BF4B-00C04F79EFBC}") = "Tyuiu.ZjatkovDV.Sprint1.Task4.V27.Test", "Tyuiu.ZjatkovDV.Sprint1.Task4.V27.Test\Tyuiu.ZjatkovDV.Sprint1.Task4.V27.Test.csproj", "{52B98995-B782-4976-98DC-8F7FE3D1CC2C}"
EndProject
Project("{2150E333-8FDC-42A3-9474-1A3956D46DE8}") = "Task5", "Task5", "{E433AC67-CD00-4F27-A562-D8B244B3649C}"
EndProject
Project("{FAE04EC0-301F-11D3-BF4B-00C04F79EFBC}") = "Tyuiu.ZjatkovDV.Sprint1.Task5.V2", "Tyuiu.ZjatkovDV.Sprint1.Task5.V2\Tyuiu.ZjatkovDV.Sprint1.Task5.V2.csproj", "{64AD0A14-8077-445D-BD51-2600AE100ED9}"
EndProject
Project("{FAE04EC0-301F-11D3-BF4B-00C04F79EFBC}") = "Tyuiu.ZjatkovDV.Sprint1.Task5.V2.Lib", "Tyuiu.ZjatkovDV.Sprint1.Task5.V2.Lib\Tyuiu.ZjatkovDV.Sprint1.Task5.V2.Lib.csproj", "{15CC6E22-A963-4667-9588-A118EE10F6DF}"
EndProject
Project("{FAE04EC0-301F-11D3-BF4B-00C04F79EFBC}") = "Tyuiu.ZjatkovDV.Sprint1.Task5.V2.Test", "Tyuiu.ZjatkovDV.Sprint1.Task5.V2.Test\Tyuiu.ZjatkovDV.Sprint1.Task5.V2.Test.csproj", "{ED753C2A-7764-47E0-8C51-405422B86E28}"
EndProject
Project("{2150E333-8FDC-42A3-9474-1A3956D46DE8}") = "Task6", "Task6", "{18C943B8-F4B9-4617-827A-A8747A22EB52}"
EndProject
Project("{FAE04EC0-301F-11D3-BF4B-00C04F79EFBC}") = "Tyuiu.ZjatkovDV.Sprint1.Task6.V4", "Tyuiu.ZjatkovDV.Sprint1.Task6.V4\Tyuiu.ZjatkovDV.Sprint1.Task6.V4.csproj", "{B73031C8-5467-46C4-BDF5-72017F2571AD}"
EndProject
Project("{FAE04EC0-301F-11D3-BF4B-00C04F79EFBC}") = "Tyuiu.ZjatkovDV.Sprint1.Task6.V4.Lib", "Tyuiu.ZjatkovDV.Sprint1.Task6.V4.Lib\Tyuiu.ZjatkovDV.Sprint1.Task6.V4.Lib.csproj", "{D0521CBB-EEA3-46CF-A6AE-0FDF843A13A0}"
EndProject
Project("{FAE04EC0-301F-11D3-BF4B-00C04F79EFBC}") = "Tyuiu.ZjatkovDV.Sprint1.Task6.V4.Test", "Tyuiu.ZjatkovDV.Sprint1.Task6.V4.Test\Tyuiu.ZjatkovDV.Sprint1.Task6.V4.Test.csproj", "{CBD26BF5-FA3A-4090-BD3A-4ECEB6E6C711}"
EndProject
Global
	GlobalSection(SolutionConfigurationPlatforms) = preSolution
		Debug|Any CPU = Debug|Any CPU
		Release|Any CPU = Release|Any CPU
	EndGlobalSection
	GlobalSection(ProjectConfigurationPlatforms) = postSolution
		{19FCCADA-7709-47A3-B89D-B794C5FB6C3D}.Debug|Any CPU.ActiveCfg = Debug|Any CPU
		{19FCCADA-7709-47A3-B89D-B794C5FB6C3D}.Debug|Any CPU.Build.0 = Debug|Any CPU
		{19FCCADA-7709-47A3-B89D-B794C5FB6C3D}.Release|Any CPU.ActiveCfg = Release|Any CPU
		{19FCCADA-7709-47A3-B89D-B794C5FB6C3D}.Release|Any CPU.Build.0 = Release|Any CPU
		{4FEA6A65-82FD-4775-A2A5-A99267532CA5}.Debug|Any CPU.ActiveCfg = Debug|Any CPU
		{4FEA6A65-82FD-4775-A2A5-A99267532CA5}.Debug|Any CPU.Build.0 = Debug|Any CPU
		{4FEA6A65-82FD-4775-A2A5-A99267532CA5}.Release|Any CPU.ActiveCfg = Release|Any CPU
		{4FEA6A65-82FD-4775-A2A5-A99267532CA5}.Release|Any CPU.Build.0 = Release|Any CPU
		{2547E6AD-A344-415D-88C7-A9CB810505F2}.Debug|Any CPU.ActiveCfg = Debug|Any CPU
		{2547E6AD-A344-415D-88C7-A9CB810505F2}.Debug|Any CPU.Build.0 = Debug|Any CPU
		{2547E6AD-A344-415D-88C7-A9CB810505F2}.Release|Any CPU.ActiveCfg = Release|Any CPU
		{2547E6AD-A344-415D-88C7-A9CB810505F2}.Release|Any CPU.Build.0 = Release|Any CPU
		{48FAA626-28F4-472A-8DDF-4E79E4C05A1C}.Debug|Any CPU.ActiveCfg = Debug|Any CPU
		{48FAA626-28F4-472A-8DDF-4E79E4C05A1C}.Debug|Any CPU.Build.0 = Debug|Any CPU
		{48FAA626-28F4-472A-8DDF-4E79E4C05A1C}.Release|Any CPU.ActiveCfg = Release|Any CPU
		{48FAA626-28F4-472A-8DDF-4E79E4C05A1C}.Release|Any CPU.Build.0 = Release|Any CPU
		{460074CD-6A4D-46F0-A43A-1D989314A7D7}.Debug|Any CPU.ActiveCfg = Debug|Any CPU
		{460074CD-6A4D-46F0-A43A-1D989314A7D7}.Debug|Any CPU.Build.0 = Debug|Any CPU
		{460074CD-6A4D-46F0-A43A-1D989314A7D7}.Release|Any CPU.ActiveCfg = Release|Any CPU
		{460074CD-6A4D-46F0-A43A-1D989314A7D7}.Release|Any CPU.Build.0 = Release|Any CPU
		{9BDC5EC3-C8E2-4F81-8C65-773DE15CFAFD}.Debug|Any CPU.ActiveCfg = Debug|Any CPU
		{9BDC5EC3-C8E2-4F81-8C65-773DE15CFAFD}.Debug|Any CPU.Build.0 = Debug|Any CPU
		{9BDC5EC3-C8E2-4F81-8C65-773DE15CFAFD}.Release|Any CPU.ActiveCfg = Release|Any CPU
		{9BDC5EC3-C8E2-4F81-8C65-773DE15CFAFD}.Release|Any CPU.Build.0 = Release|Any CPU
		{03EAA8BA-85CB-4D03-AB42-36903EB68137}.Debug|Any CPU.ActiveCfg = Debug|Any CPU
		{03EAA8BA-85CB-4D03-AB42-36903EB68137}.Debug|Any CPU.Build.0 = Debug|Any CPU
		{03EAA8BA-85CB-4D03-AB42-36903EB68137}.Release|Any CPU.ActiveCfg = Release|Any CPU
		{03EAA8BA-85CB-4D03-AB42-36903EB68137}.Release|Any CPU.Build.0 = Release|Any CPU
		{A9742668-B301-4F8B-8230-37296F4F3D79}.Debug|Any CPU.ActiveCfg = Debug|Any CPU
		{A9742668-B301-4F8B-8230-37296F4F3D79}.Debug|Any CPU.Build.0 = Debug|Any CPU
		{A9742668-B301-4F8B-8230-37296F4F3D79}.Release|Any CPU.ActiveCfg = Release|Any CPU
		{A9742668-B301-4F8B-8230-37296F4F3D79}.Release|Any CPU.Build.0 = Release|Any CPU
		{5FED3C57-718D-449A-B833-D99037B11C67}.Debug|Any CPU.ActiveCfg = Debug|Any CPU
		{5FED3C57-718D-449A-B833-D99037B11C67}.Debug|Any CPU.Build.0 = Debug|Any CPU
		{5FED3C57-718D-449A-B833-D99037B11C67}.Release|Any CPU.ActiveCfg = Release|Any CPU
		{5FED3C57-718D-449A-B833-D99037B11C67}.Release|Any CPU.Build.0 = Release|Any CPU
		{6A9A140C-1D7E-4B09-B4C1-C5C9AA0191E1}.Debug|Any CPU.ActiveCfg = Debug|Any CPU
		{6A9A140C-1D7E-4B09-B4C1-C5C9AA0191E1}.Debug|Any CPU.Build.0 = Debug|Any CPU
		{6A9A140C-1D7E-4B09-B4C1-C5C9AA0191E1}.Release|Any CPU.ActiveCfg = Release|Any CPU
		{6A9A140C-1D7E-4B09-B4C1-C5C9AA0191E1}.Release|Any CPU.Build.0 = Release|Any CPU
		{4CE183FB-A7C5-4915-9FD4-D112B8935E0A}.Debug|Any CPU.ActiveCfg = Debug|Any CPU
		{4CE183FB-A7C5-4915-9FD4-D112B8935E0A}.Debug|Any CPU.Build.0 = Debug|Any CPU
		{4CE183FB-A7C5-4915-9FD4-D112B8935E0A}.Release|Any CPU.ActiveCfg = Release|Any CPU
		{4CE183FB-A7C5-4915-9FD4-D112B8935E0A}.Release|Any CPU.Build.0 = Release|Any CPU
		{5C1583AA-F274-41E9-A68C-79538F6466AF}.Debug|Any CPU.ActiveCfg = Debug|Any CPU
		{5C1583AA-F274-41E9-A68C-79538F6466AF}.Debug|Any CPU.Build.0 = Debug|Any CPU
		{5C1583AA-F274-41E9-A68C-79538F6466AF}.Release|Any CPU.ActiveCfg = Release|Any CPU
		{5C1583AA-F274-41E9-A68C-79538F6466AF}.Release|Any CPU.Build.0 = Release|Any CPU
		{D7477BD0-A9B7-4561-B833-5888B4D5C3C6}.Debug|Any CPU.ActiveCfg = Debug|Any CPU
		{D7477BD0-A9B7-4561-B833-5888B4D5C3C6}.Debug|Any CPU.Build.0 = Debug|Any CPU
		{D7477BD0-A9B7-4561-B833-5888B4D5C3C6}.Release|Any CPU.ActiveCfg = Release|Any CPU
		{D7477BD0-A9B7-4561-B833-5888B4D5C3C6}.Release|Any CPU.Build.0 = Release|Any CPU
		{FA2B1B74-6822-4E91-9D19-FC7CAB11F2F3}.Debug|Any CPU.ActiveCfg = Debug|Any CPU
		{FA2B1B74-6822-4E91-9D19-FC7CAB11F2F3}.Debug|Any CPU.Build.0 = Debug|Any CPU
		{FA2B1B74-6822-4E91-9D19-FC7CAB11F2F3}.Release|Any CPU.ActiveCfg = Release|Any CPU
		{FA2B1B74-6822-4E91-9D19-FC7CAB11F2F3}.Release|Any CPU.Build.0 = Release|Any CPU
		{52B98995-B782-4976-98DC-8F7FE3D1CC2C}.Debug|Any CPU.ActiveCfg = Debug|Any CPU
		{52B98995-B782-4976-98DC-8F7FE3D1CC2C}.Debug|Any CPU.Build.0 = Debug|Any CPU
		{52B98995-B782-4976-98DC-8F7FE3D1CC2C}.Release|Any CPU.ActiveCfg = Release|Any CPU
		{52B98995-B782-4976-98DC-8F7FE3D1CC2C}.Release|Any CPU.Build.0 = Release|Any CPU
		{64AD0A14-8077-445D-BD51-2600AE100ED9}.Debug|Any CPU.ActiveCfg = Debug|Any CPU
		{64AD0A14-8077-445D-BD51-2600AE100ED9}.Debug|Any CPU.Build.0 = Debug|Any CPU
		{64AD0A14-8077-445D-BD51-2600AE100ED9}.Release|Any CPU.ActiveCfg = Release|Any CPU
		{64AD0A14-8077-445D-BD51-2600AE100ED9}.Release|Any CPU.Build.0 = Release|Any CPU
		{15CC6E22-A963-4667-9588-A118EE10F6DF}.Debug|Any CPU.ActiveCfg = Debug|Any CPU
		{15CC6E22-A963-4667-9588-A118EE10F6DF}.Debug|Any CPU.Build.0 = Debug|Any CPU
		{15CC6E22-A963-4667-9588-A118EE10F6DF}.Release|Any CPU.ActiveCfg = Release|Any CPU
		{15CC6E22-A963-4667-9588-A118EE10F6DF}.Release|Any CPU.Build.0 = Release|Any CPU
		{ED753C2A-7764-47E0-8C51-405422B86E28}.Debug|Any CPU.ActiveCfg = Debug|Any CPU
		{ED753C2A-7764-47E0-8C51-405422B86E28}.Debug|Any CPU.Build.0 = Debug|Any CPU
		{ED753C2A-7764-47E0-8C51-405422B86E28}.Release|Any CPU.ActiveCfg = Release|Any CPU
		{ED753C2A-7764-47E0-8C51-405422B86E28}.Release|Any CPU.Build.0 = Release|Any CPU
		{B73031C8-5467-46C4-BDF5-72017F2571AD}.Debug|Any CPU.ActiveCfg = Debug|Any CPU
		{B73031C8-5467-46C4-BDF5-72017F2571AD}.Debug|Any CPU.Build.0 = Debug|Any CPU
		{B73031C8-5467-46C4-BDF5-72017F2571AD}.Release|Any CPU.ActiveCfg = Release|Any CPU
		{B73031C8-5467-46C4-BDF5-72017F2571AD}.Release|Any CPU.Build.0 = Release|Any CPU
		{D0521CBB-EEA3-46CF-A6AE-0FDF843A13A0}.Debug|Any CPU.ActiveCfg = Debug|Any CPU
		{D0521CBB-EEA3-46CF-A6AE-0FDF843A13A0}.Debug|Any CPU.Build.0 = Debug|Any CPU
		{D0521CBB-EEA3-46CF-A6AE-0FDF843A13A0}.Release|Any CPU.ActiveCfg = Release|Any CPU
		{D0521CBB-EEA3-46CF-A6AE-0FDF843A13A0}.Release|Any CPU.Build.0 = Release|Any CPU
		{CBD26BF5-FA3A-4090-BD3A-4ECEB6E6C711}.Debug|Any CPU.ActiveCfg = Debug|Any CPU
		{CBD26BF5-FA3A-4090-BD3A-4ECEB6E6C711}.Debug|Any CPU.Build.0 = Debug|Any CPU
		{CBD26BF5-FA3A-4090-BD3A-4ECEB6E6C711}.Release|Any CPU.ActiveCfg = Release|Any CPU
		{CBD26BF5-FA3A-4090-BD3A-4ECEB6E6C711}.Release|Any CPU.Build.0 = Release|Any CPU
	EndGlobalSection
	GlobalSection(SolutionProperties) = preSolution
		HideSolutionNode = FALSE
	EndGlobalSection
	GlobalSection(NestedProjects) = preSolution
		{19FCCADA-7709-47A3-B89D-B794C5FB6C3D} = {CDD8EC36-6557-460D-B6BA-642F49C403B4}
		{4FEA6A65-82FD-4775-A2A5-A99267532CA5} = {CDD8EC36-6557-460D-B6BA-642F49C403B4}
		{2547E6AD-A344-415D-88C7-A9CB810505F2} = {CDD8EC36-6557-460D-B6BA-642F49C403B4}
		{48FAA626-28F4-472A-8DDF-4E79E4C05A1C} = {36D591C7-65C7-A0D1-1CBC-10CDE441BDC8}
		{460074CD-6A4D-46F0-A43A-1D989314A7D7} = {36D591C7-65C7-A0D1-1CBC-10CDE441BDC8}
		{9BDC5EC3-C8E2-4F81-8C65-773DE15CFAFD} = {36D591C7-65C7-A0D1-1CBC-10CDE441BDC8}
		{03EAA8BA-85CB-4D03-AB42-36903EB68137} = {B3894A98-75BA-4211-8625-7548877B65BB}
		{A9742668-B301-4F8B-8230-37296F4F3D79} = {B3894A98-75BA-4211-8625-7548877B65BB}
		{5FED3C57-718D-449A-B833-D99037B11C67} = {B3894A98-75BA-4211-8625-7548877B65BB}
		{6A9A140C-1D7E-4B09-B4C1-C5C9AA0191E1} = {562BD470-1CBD-4EB0-ACB3-8B2B993D69C4}
		{4CE183FB-A7C5-4915-9FD4-D112B8935E0A} = {562BD470-1CBD-4EB0-ACB3-8B2B993D69C4}
		{5C1583AA-F274-41E9-A68C-79538F6466AF} = {562BD470-1CBD-4EB0-ACB3-8B2B993D69C4}
		{D7477BD0-A9B7-4561-B833-5888B4D5C3C6} = {53A40DF4-CDEB-4722-86EF-B1EBB889211C}
		{FA2B1B74-6822-4E91-9D19-FC7CAB11F2F3} = {53A40DF4-CDEB-4722-86EF-B1EBB889211C}
		{52B98995-B782-4976-98DC-8F7FE3D1CC2C} = {53A40DF4-CDEB-4722-86EF-B1EBB889211C}
		{64AD0A14-8077-445D-BD51-2600AE100ED9} = {E433AC67-CD00-4F27-A562-D8B244B3649C}
		{15CC6E22-A963-4667-9588-A118EE10F6DF} = {E433AC67-CD00-4F27-A562-D8B244B3649C}
		{ED753C2A-7764-47E0-8C51-405422B86E28} = {E433AC67-CD00-4F27-A562-D8B244B3649C}
		{B73031C8-5467-46C4-BDF5-72017F2571AD} = {18C943B8-F4B9-4617-827A-A8747A22EB52}
		{D0521CBB-EEA3-46CF-A6AE-0FDF843A13A0} = {18C943B8-F4B9-4617-827A-A8747A22EB52}
		{CBD26BF5-FA3A-4090-BD3A-4ECEB6E6C711} = {18C943B8-F4B9-4617-827A-A8747A22EB52}
	EndGlobalSection
	GlobalSection(ExtensibilityGlobals) = postSolution
		SolutionGuid = {E08732BA-94FD-4E9B-AC4F-EB9261051765}
	EndGlobalSection
EndGlobal
